
Microsoft Visual Studio Solution File, Format Version 12.00
# Visual Studio Version 17
VisualStudioVersion = 17.0.31903.59
MinimumVisualStudioVersion = 10.0.40219.1
Project("{2150E333-8FDC-42A3-9474-1A3956D46DE8}") = "src", "src", "{D0FBDFCF-8ED9-4A3E-9E8D-956B561D7FA4}"
EndProject
Project("{2150E333-8FDC-42A3-9474-1A3956D46DE8}") = "test", "test", "{0E44D146-53E8-45EB-B360-509ACDC620CB}"
EndProject
Project("{9A19103F-16F7-4668-BE54-9A1E7A4F7556}") = "Sudoku.Core", "src\Sudoku.Core\Sudoku.Core.csproj", "{35DDDD3C-C1F3-4334-9C66-9276616ECB47}"
EndProject
Project("{9A19103F-16F7-4668-BE54-9A1E7A4F7556}") = "Sudoku.CLI", "src\Sudoku.CLI\Sudoku.CLI.csproj", "{1186F83F-B79A-472C-A657-E9303A5DA4BC}"
EndProject
Project("{9A19103F-16F7-4668-BE54-9A1E7A4F7556}") = "Sudoku.UnitTests", "tests\Sudoku.UnitTests\Sudoku.UnitTests.csproj", "{0B1A430B-C987-4270-9360-0E401DDA2A0C}"
EndProject
Global
	GlobalSection(SolutionConfigurationPlatforms) = preSolution
		Debug|Any CPU = Debug|Any CPU
		Release|Any CPU = Release|Any CPU
	EndGlobalSection
	GlobalSection(ProjectConfigurationPlatforms) = postSolution
		{35DDDD3C-C1F3-4334-9C66-9276616ECB47}.Debug|Any CPU.ActiveCfg = Debug|Any CPU
		{35DDDD3C-C1F3-4334-9C66-9276616ECB47}.Debug|Any CPU.Build.0 = Debug|Any CPU
		{35DDDD3C-C1F3-4334-9C66-9276616ECB47}.Release|Any CPU.ActiveCfg = Release|Any CPU
		{35DDDD3C-C1F3-4334-9C66-9276616ECB47}.Release|Any CPU.Build.0 = Release|Any CPU
		{1186F83F-B79A-472C-A657-E9303A5DA4BC}.Debug|Any CPU.ActiveCfg = Debug|Any CPU
		{1186F83F-B79A-472C-A657-E9303A5DA4BC}.Debug|Any CPU.Build.0 = Debug|Any CPU
		{1186F83F-B79A-472C-A657-E9303A5DA4BC}.Release|Any CPU.ActiveCfg = Release|Any CPU
		{1186F83F-B79A-472C-A657-E9303A5DA4BC}.Release|Any CPU.Build.0 = Release|Any CPU
		{0B1A430B-C987-4270-9360-0E401DDA2A0C}.Debug|Any CPU.ActiveCfg = Debug|Any CPU
		{0B1A430B-C987-4270-9360-0E401DDA2A0C}.Debug|Any CPU.Build.0 = Debug|Any CPU
		{0B1A430B-C987-4270-9360-0E401DDA2A0C}.Release|Any CPU.ActiveCfg = Release|Any CPU
		{0B1A430B-C987-4270-9360-0E401DDA2A0C}.Release|Any CPU.Build.0 = Release|Any CPU
	EndGlobalSection
	GlobalSection(SolutionProperties) = preSolution
		HideSolutionNode = FALSE
	EndGlobalSection
	GlobalSection(NestedProjects) = preSolution
		{35DDDD3C-C1F3-4334-9C66-9276616ECB47} = {D0FBDFCF-8ED9-4A3E-9E8D-956B561D7FA4}
		{1186F83F-B79A-472C-A657-E9303A5DA4BC} = {D0FBDFCF-8ED9-4A3E-9E8D-956B561D7FA4}
	EndGlobalSection
	GlobalSection(ExtensibilityGlobals) = postSolution
		SolutionGuid = {8EA63569-99C8-4377-9454-C8EDE4EA0A3E}
	EndGlobalSection
EndGlobal
